
Microsoft Visual Studio Solution File, Format Version 12.00
# Visual Studio Version 16
VisualStudioVersion = 16.0.30104.148
MinimumVisualStudioVersion = 10.0.40219.1
Project("{FAE04EC0-301F-11D3-BF4B-00C04F79EFBC}") = "test17", "test17\test17.csproj", "{66DE52B7-484A-4A1F-BA83-35F78ED44DCE}"
EndProject
Global
	GlobalSection(SolutionConfigurationPlatforms) = preSolution
		Debug|Any CPU = Debug|Any CPU
		Release|Any CPU = Release|Any CPU
	EndGlobalSection
	GlobalSection(ProjectConfigurationPlatforms) = postSolution
		{66DE52B7-484A-4A1F-BA83-35F78ED44DCE}.Debug|Any CPU.ActiveCfg = Debug|Any CPU
		{66DE52B7-484A-4A1F-BA83-35F78ED44DCE}.Debug|Any CPU.Build.0 = Debug|Any CPU
		{66DE52B7-484A-4A1F-BA83-35F78ED44DCE}.Release|Any CPU.ActiveCfg = Release|Any CPU
		{66DE52B7-484A-4A1F-BA83-35F78ED44DCE}.Release|Any CPU.Build.0 = Release|Any CPU
	EndGlobalSection
	GlobalSection(SolutionProperties) = preSolution
		HideSolutionNode = FALSE
	EndGlobalSection
	GlobalSection(ExtensibilityGlobals) = postSolution
		SolutionGuid = {8749762E-511F-43C9-BF21-DFD094704E6E}
	EndGlobalSection
EndGlobal
