
Microsoft Visual Studio Solution File, Format Version 12.00
# Visual Studio 15
VisualStudioVersion = 15.0.28307.168
MinimumVisualStudioVersion = 10.0.40219.1
Project("{FAE04EC0-301F-11D3-BF4B-00C04F79EFBC}") = "test12", "test12\test12.csproj", "{58019D46-C65E-4B56-82DB-C931598C972B}"
EndProject
Global
	GlobalSection(SolutionConfigurationPlatforms) = preSolution
		Debug|Any CPU = Debug|Any CPU
		Release|Any CPU = Release|Any CPU
	EndGlobalSection
	GlobalSection(ProjectConfigurationPlatforms) = postSolution
		{58019D46-C65E-4B56-82DB-C931598C972B}.Debug|Any CPU.ActiveCfg = Debug|Any CPU
		{58019D46-C65E-4B56-82DB-C931598C972B}.Debug|Any CPU.Build.0 = Debug|Any CPU
		{58019D46-C65E-4B56-82DB-C931598C972B}.Release|Any CPU.ActiveCfg = Release|Any CPU
		{58019D46-C65E-4B56-82DB-C931598C972B}.Release|Any CPU.Build.0 = Release|Any CPU
	EndGlobalSection
	GlobalSection(SolutionProperties) = preSolution
		HideSolutionNode = FALSE
	EndGlobalSection
	GlobalSection(ExtensibilityGlobals) = postSolution
		SolutionGuid = {8DAF51D9-EF14-4B19-A5C5-F1E05AC150F3}
	EndGlobalSection
EndGlobal
