
Microsoft Visual Studio Solution File, Format Version 12.00
# Visual Studio 15
VisualStudioVersion = 15.0.28307.168
MinimumVisualStudioVersion = 10.0.40219.1
Project("{FAE04EC0-301F-11D3-BF4B-00C04F79EFBC}") = "test11", "test11\test11.csproj", "{941C5A02-B190-4C16-82CB-580E472FDEDC}"
EndProject
Global
	GlobalSection(SolutionConfigurationPlatforms) = preSolution
		Debug|Any CPU = Debug|Any CPU
		Release|Any CPU = Release|Any CPU
	EndGlobalSection
	GlobalSection(ProjectConfigurationPlatforms) = postSolution
		{941C5A02-B190-4C16-82CB-580E472FDEDC}.Debug|Any CPU.ActiveCfg = Debug|Any CPU
		{941C5A02-B190-4C16-82CB-580E472FDEDC}.Debug|Any CPU.Build.0 = Debug|Any CPU
		{941C5A02-B190-4C16-82CB-580E472FDEDC}.Release|Any CPU.ActiveCfg = Release|Any CPU
		{941C5A02-B190-4C16-82CB-580E472FDEDC}.Release|Any CPU.Build.0 = Release|Any CPU
	EndGlobalSection
	GlobalSection(SolutionProperties) = preSolution
		HideSolutionNode = FALSE
	EndGlobalSection
	GlobalSection(ExtensibilityGlobals) = postSolution
		SolutionGuid = {A8207A00-7510-4363-A9DA-29F070815791}
	EndGlobalSection
EndGlobal
