
Microsoft Visual Studio Solution File, Format Version 12.00
# Visual Studio Version 16
VisualStudioVersion = 16.0.30104.148
MinimumVisualStudioVersion = 10.0.40219.1
Project("{FAE04EC0-301F-11D3-BF4B-00C04F79EFBC}") = "test14", "test14\test14.csproj", "{A3034232-A6F5-43F4-A107-279F706F127E}"
EndProject
Global
	GlobalSection(SolutionConfigurationPlatforms) = preSolution
		Debug|Any CPU = Debug|Any CPU
		Release|Any CPU = Release|Any CPU
	EndGlobalSection
	GlobalSection(ProjectConfigurationPlatforms) = postSolution
		{A3034232-A6F5-43F4-A107-279F706F127E}.Debug|Any CPU.ActiveCfg = Debug|Any CPU
		{A3034232-A6F5-43F4-A107-279F706F127E}.Debug|Any CPU.Build.0 = Debug|Any CPU
		{A3034232-A6F5-43F4-A107-279F706F127E}.Release|Any CPU.ActiveCfg = Release|Any CPU
		{A3034232-A6F5-43F4-A107-279F706F127E}.Release|Any CPU.Build.0 = Release|Any CPU
	EndGlobalSection
	GlobalSection(SolutionProperties) = preSolution
		HideSolutionNode = FALSE
	EndGlobalSection
	GlobalSection(ExtensibilityGlobals) = postSolution
		SolutionGuid = {D7035543-099B-4C7C-B1DE-9870C2FB5410}
	EndGlobalSection
EndGlobal
