
Microsoft Visual Studio Solution File, Format Version 12.00
# Visual Studio Version 16
VisualStudioVersion = 16.0.30104.148
MinimumVisualStudioVersion = 10.0.40219.1
Project("{FAE04EC0-301F-11D3-BF4B-00C04F79EFBC}") = "test04", "test04\test04.csproj", "{48549498-46F6-492D-AE4B-ED57B1CD4810}"
EndProject
Global
	GlobalSection(SolutionConfigurationPlatforms) = preSolution
		Debug|Any CPU = Debug|Any CPU
		Release|Any CPU = Release|Any CPU
	EndGlobalSection
	GlobalSection(ProjectConfigurationPlatforms) = postSolution
		{48549498-46F6-492D-AE4B-ED57B1CD4810}.Debug|Any CPU.ActiveCfg = Debug|Any CPU
		{48549498-46F6-492D-AE4B-ED57B1CD4810}.Debug|Any CPU.Build.0 = Debug|Any CPU
		{48549498-46F6-492D-AE4B-ED57B1CD4810}.Release|Any CPU.ActiveCfg = Release|Any CPU
		{48549498-46F6-492D-AE4B-ED57B1CD4810}.Release|Any CPU.Build.0 = Release|Any CPU
	EndGlobalSection
	GlobalSection(SolutionProperties) = preSolution
		HideSolutionNode = FALSE
	EndGlobalSection
	GlobalSection(ExtensibilityGlobals) = postSolution
		SolutionGuid = {DBCCE986-0D58-46C3-9564-27BC564575AD}
	EndGlobalSection
EndGlobal
